PODS:
  - Kingfisher (6.3.1)
  - lottie-ios (4.0.1)
  - shared (1.0):
    - Kingfisher (~> 6.3.1-xcode13)
    - lottie-ios

DEPENDENCIES:
  - shared (from `../shared`)

SPEC REPOS:
  trunk:
    - Kingfisher
    - lottie-ios

EXTERNAL SOURCES:
  shared:
    :path: "../shared"

SPEC CHECKSUMS:
  Kingfisher: 016c8b653a35add51dd34a3aba36b580041acc74
  lottie-ios: 54d22edf55b839f0929cabbfe609c9aa548b1145
  shared: a6650b7d5022a011ce21e1d05eee34f1cad80a05

PODFILE CHECKSUM: f918f1268610b3468cad4df47046a851eb53b741

COCOAPODS: 1.11.3
