PODS:
  - Kingfisher (6.3.1)
  - shared (1.0):
    - Kingfisher (~> 6.3.1-xcode13)

DEPENDENCIES:
  - shared (from `../shared`)

SPEC REPOS:
  trunk:
    - Kingfisher

EXTERNAL SOURCES:
  shared:
    :path: "../shared"

SPEC CHECKSUMS:
  Kingfisher: 016c8b653a35add51dd34a3aba36b580041acc74
  shared: b41bcf3a40344c88bf3f405135bbf47996fed912

PODFILE CHECKSUM: f918f1268610b3468cad4df47046a851eb53b741

COCOAPODS: 1.11.3
